
Microsoft Visual Studio Solution File, Format Version 12.00
# Visual Studio Version 17
VisualStudioVersion = 17.5.33530.505
MinimumVisualStudioVersion = 10.0.40219.1
Project("{888888A0-9F3D-457C-B088-3A5042F75D52}") = "Unit Convertor", "Unit Convertor.pyproj", "{120E0FD6-D59E-4C31-8BFA-D45AC2E7B96D}"
EndProject
Global
	GlobalSection(SolutionConfigurationPlatforms) = preSolution
		Debug|Any CPU = Debug|Any CPU
		Release|Any CPU = Release|Any CPU
	EndGlobalSection
	GlobalSection(ProjectConfigurationPlatforms) = postSolution
		{120E0FD6-D59E-4C31-8BFA-D45AC2E7B96D}.Debug|Any CPU.ActiveCfg = Debug|Any CPU
		{120E0FD6-D59E-4C31-8BFA-D45AC2E7B96D}.Release|Any CPU.ActiveCfg = Release|Any CPU
	EndGlobalSection
	GlobalSection(SolutionProperties) = preSolution
		HideSolutionNode = FALSE
	EndGlobalSection
	GlobalSection(ExtensibilityGlobals) = postSolution
		SolutionGuid = {FDC16E14-A472-4E82-B166-4AE7DF982125}
	EndGlobalSection
EndGlobal
